Microsoft Visual Studio Solution File, Format Version 12.00
# Visual Studio 2013
VisualStudioVersion = 12.0.31101.0
MinimumVisualStudioVersion = 10.0.40219.1
Project("{2150E333-8FDC-42A3-9474-1A3956D46DE8}") = ".paket", ".paket", "{63297B98-5CED-492C-A5B7-A5B4F73CF142}"
	ProjectSection(SolutionItems) = preProject
		paket.dependencies = paket.dependencies
		paket.lock = paket.lock
	EndProjectSection
EndProject
Project("{2150E333-8FDC-42A3-9474-1A3956D46DE8}") = "docs", "docs", "{A6A6AF7D-D6E3-442D-9B1E-58CC91879BE1}"
EndProject
Project("{F2A71F9B-5D33-465A-A702-920D77279786}") = "Sync.Today", "src\Sync.Today\Sync.Today.fsproj", "{BAF2CD5A-2D48-4B5C-9935-2586C92BA49B}"
EndProject
Project("{2150E333-8FDC-42A3-9474-1A3956D46DE8}") = "project", "project", "{BF60BC93-E09B-4E5F-9D85-95A519479D54}"
	ProjectSection(SolutionItems) = preProject
		build.fsx = build.fsx
		README.md = README.md
		RELEASE_NOTES.md = RELEASE_NOTES.md
	EndProjectSection
EndProject
Project("{2150E333-8FDC-42A3-9474-1A3956D46DE8}") = "tools", "tools", "{83F16175-43B1-4C90-A1EE-8E351C33435D}"
	ProjectSection(SolutionItems) = preProject
		docs\tools\generate.fsx = docs\tools\generate.fsx
		docs\tools\templates\template.cshtml = docs\tools\templates\template.cshtml
	EndProjectSection
EndProject
Project("{2150E333-8FDC-42A3-9474-1A3956D46DE8}") = "content", "content", "{8E6D5255-776D-4B61-85F9-73C37AA1FB9A}"
	ProjectSection(SolutionItems) = preProject
		docs\content\index.fsx = docs\content\index.fsx
		docs\content\tutorial.fsx = docs\content\tutorial.fsx
	EndProjectSection
EndProject
Project("{2150E333-8FDC-42A3-9474-1A3956D46DE8}") = "tests", "tests", "{ED8079DD-2B06-4030-9F0F-DC548F98E1C4}"
EndProject
Project("{F2A71F9B-5D33-465A-A702-920D77279786}") = "Sync.Today.Tests", "tests\Sync.Today.Tests\Sync.Today.Tests.fsproj", "{1FD55152-0FAE-43BE-9EB6-0FEDCC2B9D2F}"
EndProject
Project("{F2A71F9B-5D33-465A-A702-920D77279786}") = "Sync.Today.Core", "src\Sync.Today.Core\Sync.Today.Core.fsproj", "{CB572253-9FE0-4A65-92EA-C992E5ABF07B}"
EndProject
Project("{F2A71F9B-5D33-465A-A702-920D77279786}") = "Sync.Today.Models", "src\Sync.Today.Models\Sync.Today.Models.fsproj", "{FA6FAAEA-07F3-4FFF-8F73-A758CA4F0510}"
EndProject
Project("{F2A71F9B-5D33-465A-A702-920D77279786}") = "Sync.Today.Repository", "src\Sync.Today.Repository\Sync.Today.Repository.fsproj", "{F743D309-BE81-4469-A587-6D31B990DD99}"
EndProject
Project("{F2A71F9B-5D33-465A-A702-920D77279786}") = "Sync.Today.IO.CSV", "src\Sync.Today.IO.CSV\Sync.Today.IO.CSV.fsproj", "{F192280A-B60A-4601-8D37-31B697EBCEE7}"
EndProject
Project("{F088123C-0E9E-452A-89E6-6BA2F21D5CAC}") = "ModelingProject", "docs\ModelingProject\ModelingProject.modelproj", "{70B98218-764E-44A0-85D9-413BCCC494FD}"
EndProject
Project("{F2A71F9B-5D33-465A-A702-920D77279786}") = "Sync.Today.Repository.SqlClient", "src\Sync.Today.Repository.SqlClient\Sync.Today.Repository.SqlClient.fsproj", "{82EC746D-D122-4DC9-91C7-25C01632E186}"
EndProject
Project("{FAE04EC0-301F-11D3-BF4B-00C04F79EFBC}") = "Sync.Today.OData", "src\Sync.Today.OData\Sync.Today.OData.csproj", "{64536499-D7CA-46DB-A530-6040A5A0247B}"
EndProject
Project("{F2A71F9B-5D33-465A-A702-920D77279786}") = "Sync.Today.Calendar", "src\Sync.Today.Calendar\Sync.Today.Calendar.fsproj", "{103BB4D4-5418-453F-92BC-3EFE6B0ACE10}"
EndProject
Global
	GlobalSection(SolutionConfigurationPlatforms) = preSolution
		Debug|Any CPU = Debug|Any CPU
		Release|Any CPU = Release|Any CPU
	EndGlobalSection
	GlobalSection(ProjectConfigurationPlatforms) = postSolution
		{BAF2CD5A-2D48-4B5C-9935-2586C92BA49B}.Debug|Any CPU.ActiveCfg = Debug|Any CPU
		{BAF2CD5A-2D48-4B5C-9935-2586C92BA49B}.Debug|Any CPU.Build.0 = Debug|Any CPU
		{BAF2CD5A-2D48-4B5C-9935-2586C92BA49B}.Release|Any CPU.ActiveCfg = Release|Any CPU
		{BAF2CD5A-2D48-4B5C-9935-2586C92BA49B}.Release|Any CPU.Build.0 = Release|Any CPU
		{1FD55152-0FAE-43BE-9EB6-0FEDCC2B9D2F}.Debug|Any CPU.ActiveCfg = Debug|Any CPU
		{1FD55152-0FAE-43BE-9EB6-0FEDCC2B9D2F}.Debug|Any CPU.Build.0 = Debug|Any CPU
		{1FD55152-0FAE-43BE-9EB6-0FEDCC2B9D2F}.Release|Any CPU.ActiveCfg = Release|Any CPU
		{1FD55152-0FAE-43BE-9EB6-0FEDCC2B9D2F}.Release|Any CPU.Build.0 = Release|Any CPU
		{CB572253-9FE0-4A65-92EA-C992E5ABF07B}.Debug|Any CPU.ActiveCfg = Debug|Any CPU
		{CB572253-9FE0-4A65-92EA-C992E5ABF07B}.Debug|Any CPU.Build.0 = Debug|Any CPU
		{CB572253-9FE0-4A65-92EA-C992E5ABF07B}.Release|Any CPU.ActiveCfg = Release|Any CPU
		{CB572253-9FE0-4A65-92EA-C992E5ABF07B}.Release|Any CPU.Build.0 = Release|Any CPU
		{FA6FAAEA-07F3-4FFF-8F73-A758CA4F0510}.Debug|Any CPU.ActiveCfg = Debug|Any CPU
		{FA6FAAEA-07F3-4FFF-8F73-A758CA4F0510}.Debug|Any CPU.Build.0 = Debug|Any CPU
		{FA6FAAEA-07F3-4FFF-8F73-A758CA4F0510}.Release|Any CPU.ActiveCfg = Release|Any CPU
		{FA6FAAEA-07F3-4FFF-8F73-A758CA4F0510}.Release|Any CPU.Build.0 = Release|Any CPU
		{F743D309-BE81-4469-A587-6D31B990DD99}.Debug|Any CPU.ActiveCfg = Debug|Any CPU
		{F743D309-BE81-4469-A587-6D31B990DD99}.Debug|Any CPU.Build.0 = Debug|Any CPU
		{F743D309-BE81-4469-A587-6D31B990DD99}.Release|Any CPU.ActiveCfg = Release|Any CPU
		{F743D309-BE81-4469-A587-6D31B990DD99}.Release|Any CPU.Build.0 = Release|Any CPU
		{F192280A-B60A-4601-8D37-31B697EBCEE7}.Debug|Any CPU.ActiveCfg = Debug|Any CPU
		{F192280A-B60A-4601-8D37-31B697EBCEE7}.Debug|Any CPU.Build.0 = Debug|Any CPU
		{F192280A-B60A-4601-8D37-31B697EBCEE7}.Release|Any CPU.ActiveCfg = Release|Any CPU
		{F192280A-B60A-4601-8D37-31B697EBCEE7}.Release|Any CPU.Build.0 = Release|Any CPU
		{70B98218-764E-44A0-85D9-413BCCC494FD}.Debug|Any CPU.ActiveCfg = Debug|Any CPU
		{70B98218-764E-44A0-85D9-413BCCC494FD}.Debug|Any CPU.Build.0 = Debug|Any CPU
		{70B98218-764E-44A0-85D9-413BCCC494FD}.Release|Any CPU.ActiveCfg = Release|Any CPU
		{70B98218-764E-44A0-85D9-413BCCC494FD}.Release|Any CPU.Build.0 = Release|Any CPU
		{82EC746D-D122-4DC9-91C7-25C01632E186}.Debug|Any CPU.ActiveCfg = Debug|Any CPU
		{82EC746D-D122-4DC9-91C7-25C01632E186}.Debug|Any CPU.Build.0 = Debug|Any CPU
		{82EC746D-D122-4DC9-91C7-25C01632E186}.Release|Any CPU.ActiveCfg = Release|Any CPU
		{82EC746D-D122-4DC9-91C7-25C01632E186}.Release|Any CPU.Build.0 = Release|Any CPU
		{64536499-D7CA-46DB-A530-6040A5A0247B}.Debug|Any CPU.ActiveCfg = Debug|Any CPU
		{64536499-D7CA-46DB-A530-6040A5A0247B}.Debug|Any CPU.Build.0 = Debug|Any CPU
		{64536499-D7CA-46DB-A530-6040A5A0247B}.Release|Any CPU.ActiveCfg = Release|Any CPU
		{64536499-D7CA-46DB-A530-6040A5A0247B}.Release|Any CPU.Build.0 = Release|Any CPU
		{103BB4D4-5418-453F-92BC-3EFE6B0ACE10}.Debug|Any CPU.ActiveCfg = Debug|Any CPU
		{103BB4D4-5418-453F-92BC-3EFE6B0ACE10}.Debug|Any CPU.Build.0 = Debug|Any CPU
		{103BB4D4-5418-453F-92BC-3EFE6B0ACE10}.Release|Any CPU.ActiveCfg = Release|Any CPU
		{103BB4D4-5418-453F-92BC-3EFE6B0ACE10}.Release|Any CPU.Build.0 = Release|Any CPU
	EndGlobalSection
	GlobalSection(SolutionProperties) = preSolution
		HideSolutionNode = FALSE
	EndGlobalSection
	GlobalSection(NestedProjects) = preSolution
		{83F16175-43B1-4C90-A1EE-8E351C33435D} = {A6A6AF7D-D6E3-442D-9B1E-58CC91879BE1}
		{8E6D5255-776D-4B61-85F9-73C37AA1FB9A} = {A6A6AF7D-D6E3-442D-9B1E-58CC91879BE1}
		{1FD55152-0FAE-43BE-9EB6-0FEDCC2B9D2F} = {ED8079DD-2B06-4030-9F0F-DC548F98E1C4}
	EndGlobalSection
EndGlobal
